# This file is automatically @generated by Cargo.
# It is not intended for manual editing.
version = 4

[[package]]
name = "block-buffer"
version = "0.12.0"
source = "registry+https://github.com/rust-lang/crates.io-index"
checksum = "cdd35008169921d80bc60d3d0ab416eecb028c4cd653352907921d95084790be"
dependencies = [
 "hybrid-array",
]

[[package]]
name = "cfg-if"
version = "1.0.4"
source = "registry+https://github.com/rust-lang/crates.io-index"
checksum = "9330f8b2ff13f34540b44e946ef35111825727b38d33286ef986142615121801"

[[package]]
name = "cipher"
version = "0.5.1"
source = "registry+https://github.com/rust-lang/crates.io-index"
checksum = "e34d8227fe1ba289043aeb13792056ff80fd6de1a9f49137a5f499de8e8c78ea"
dependencies = [
 "block-buffer",
 "crypto-common",
 "inout",
]

[[package]]
name = "cmov"
version = "0.5.3"
source = "registry+https://github.com/rust-lang/crates.io-index"
checksum = "3f88a43d011fc4a6876cb7344703e297c71dda42494fee094d5f7c76bf13f746"

[[package]]
name = "cpufeatures"
version = "0.3.0"
source = "registry+https://github.com/rust-lang/crates.io-index"
checksum = "8b2a41393f66f16b0823bb79094d54ac5fbd34ab292ddafb9a0456ac9f87d201"
dependencies = [
 "libc",
]

[[package]]
name = "crypto-common"
version = "0.2.1"
source = "registry+https://github.com/rust-lang/crates.io-index"
checksum = "77727bb15fa921304124b128af125e7e3b968275d1b108b379190264f4423710"
dependencies = [
 "hybrid-array",
]

[[package]]
name = "ctr"
version = "0.10.0"
source = "registry+https://github.com/rust-lang/crates.io-index"
checksum = "17469f8eb9bdbfad10f71f4cfddfd38b01143520c0e717d8796ccb4d44d44e42"
dependencies = [
 "cipher",
]

[[package]]
name = "ctutils"
version = "0.4.2"
source = "registry+https://github.com/rust-lang/crates.io-index"
checksum = "7d5515a3834141de9eafb9717ad39eea8247b5674e6066c404e8c4b365d2a29e"
dependencies = [
 "cmov",
]

[[package]]
name = "heck"
version = "0.5.0"
source = "registry+https://github.com/rust-lang/crates.io-index"
checksum = "2304e00983f87ffb38b55b444b5e3b60a884b5d30c0fca7d82fe33449bbe55ea"

[[package]]
name = "hybrid-array"
version = "0.4.12"
source = "registry+https://github.com/rust-lang/crates.io-index"
checksum = "9155a582abd142abc056962c29e3ce5ff2ad5469f4246b537ed42c5deba857da"
dependencies = [
 "typenum",
]

[[package]]
name = "inout"
version = "0.2.2"
source = "registry+https://github.com/rust-lang/crates.io-index"
checksum = "4250ce6452e92010fdf7268ccc5d14faa80bb12fc741938534c58f16804e03c7"
dependencies = [
 "hybrid-array",
]

[[package]]
name = "inventory"
version = "0.3.24"
source = "registry+https://github.com/rust-lang/crates.io-index"
checksum = "a4f0c30c76f2f4ccee3fe55a2435f691ca00c0e4bd87abe4f4a851b1d4dac39b"
dependencies = [
 "rustversion",
]

[[package]]
name = "libc"
version = "0.2.186"
source = "registry+https://github.com/rust-lang/crates.io-index"
checksum = "68ab91017fe16c622486840e4c83c9a37afeff978bd239b5293d61ece587de66"

[[package]]
name = "libloading"
version = "0.9.0"
source = "registry+https://github.com/rust-lang/crates.io-index"
checksum = "754ca22de805bb5744484a5b151a9e1a8e837d5dc232c2d7d8c2e3492edc8b60"
dependencies = [
 "cfg-if",
 "windows-link",
]

[[package]]
name = "poly1305"
version = "0.9.0"
source = "registry+https://github.com/rust-lang/crates.io-index"
checksum = "a00baa632505d05512f48a963e16051c54fda9a95cc9acea1a4e3c90991c4a2e"
dependencies = [
 "cpufeatures",
 "universal-hash",
]

[[package]]
name = "proc-macro2"
version = "1.0.106"
source = "registry+https://github.com/rust-lang/crates.io-index"
checksum = "8fd00f0bb2e90d81d1044c2b32617f68fcb9fa3bb7640c23e9c748e53fb30934"
dependencies = [
 "unicode-ident",
]

[[package]]
name = "quote"
version = "1.0.45"
source = "registry+https://github.com/rust-lang/crates.io-index"
checksum = "41f2619966050689382d2b44f664f4bc593e129785a36d6ee376ddf37259b924"
dependencies = [
 "proc-macro2",
]

[[package]]
name = "regex-lite"
version = "0.1.9"
source = "registry+https://github.com/rust-lang/crates.io-index"
checksum = "cab834c73d247e67f4fae452806d17d3c7501756d98c8808d7c9c7aa7d18f973"

[[package]]
name = "rustler"
version = "0.37.4"
source = "registry+https://github.com/rust-lang/crates.io-index"
checksum = "875c8fe88089b9bbc0977385e107d35bfae740c6b0734e60a1e9cc82d0017f49"
dependencies = [
 "inventory",
 "libloading",
 "regex-lite",
 "rustler_codegen",
]

[[package]]
name = "rustler_codegen"
version = "0.37.4"
source = "registry+https://github.com/rust-lang/crates.io-index"
checksum = "afb5848e9c4cf3796f190d9b4516523af27f3444a3af1771f20465f6586d40b2"
dependencies = [
 "heck",
 "inventory",
 "proc-macro2",
 "quote",
 "syn",
]

[[package]]
name = "rustversion"
version = "1.0.22"
source = "registry+https://github.com/rust-lang/crates.io-index"
checksum = "b39cdef0fa800fc44525c84ccb54a029961a8215f9619753635a9c0d2538d46d"

[[package]]
name = "speck-cipher"
version = "0.1.0"
source = "registry+https://github.com/rust-lang/crates.io-index"
checksum = "eda7efdab3e820a9170ee4b8ef02e7121913d0815b52357b695241f515d0c9d1"
dependencies = [
 "cipher",
]

[[package]]
name = "speck_ex"
version = "0.2.0"
dependencies = [
 "cipher",
 "ctr",
 "poly1305",
 "rustler",
 "speck-cipher",
 "subtle",
]

[[package]]
name = "subtle"
version = "2.6.1"
source = "registry+https://github.com/rust-lang/crates.io-index"
checksum = "13c2bddecc57b384dee18652358fb23172facb8a2c51ccc10d74c157bdea3292"

[[package]]
name = "syn"
version = "2.0.117"
source = "registry+https://github.com/rust-lang/crates.io-index"
checksum = "e665b8803e7b1d2a727f4023456bbbbe74da67099c585258af0ad9c5013b9b99"
dependencies = [
 "proc-macro2",
 "quote",
 "unicode-ident",
]

[[package]]
name = "typenum"
version = "1.20.0"
source = "registry+https://github.com/rust-lang/crates.io-index"
checksum = "40ce102ab67701b8526c123c1bab5cbe42d7040ccfd0f64af1a385808d2f43de"

[[package]]
name = "unicode-ident"
version = "1.0.24"
source = "registry+https://github.com/rust-lang/crates.io-index"
checksum = "e6e4313cd5fcd3dad5cafa179702e2b244f760991f45397d14d4ebf38247da75"

[[package]]
name = "universal-hash"
version = "0.6.1"
source = "registry+https://github.com/rust-lang/crates.io-index"
checksum = "f4987bdc12753382e0bec4a65c50738ffaabc998b9cdd1f952fb5f39b0048a96"
dependencies = [
 "crypto-common",
 "ctutils",
]

[[package]]
name = "windows-link"
version = "0.2.1"
source = "registry+https://github.com/rust-lang/crates.io-index"
checksum = "f0805222e57f7521d6a62e36fa9163bc891acd422f971defe97d64e70d0a4fe5"
